// !$*UTF8*$!
{
	archiveVersion = 1;
	classes = {
	};
	objectVersion = 50;
	objects = {

/* Begin PBXBuildFile section */
		8A36CC9124919481008028D3 /* AppDelegate.swift in Sources */ = {isa = PBXBuildFile; fileRef = 8A36CC9024919481008028D3 /* AppDelegate.swift */; };
		8A36CC9324919481008028D3 /* SceneDelegate.swift in Sources */ = {isa = PBXBuildFile; fileRef = 8A36CC9224919481008028D3 /* SceneDelegate.swift */; };
		8A36CC9524919481008028D3 /* ViewController.swift in Sources */ = {isa = PBXBuildFile; fileRef = 8A36CC9424919481008028D3 /* ViewController.swift */; };
		8A36CC9824919481008028D3 /* Main.storyboard in Resources */ = {isa = PBXBuildFile; fileRef = 8A36CC9624919481008028D3 /* Main.storyboard */; };
		8A36CC9B24919481008028D3 /* CustomLoginDemo.xcdatamodeld in Sources */ = {isa = PBXBuildFile; fileRef = 8A36CC9924919481008028D3 /* CustomLoginDemo.xcdatamodeld */; };
		8A36CC9D24919485008028D3 /* Assets.xcassets in Resources */ = {isa = PBXBuildFile; fileRef = 8A36CC9C24919485008028D3 /* Assets.xcassets */; };
		8A36CCA024919485008028D3 /* LaunchScreen.storyboard in Resources */ = {isa = PBXBuildFile; fileRef = 8A36CC9E24919485008028D3 /* LaunchScreen.storyboard */; };
		8A36CCAB24919485008028D3 /* CustomLoginDemoTests.swift in Sources */ = {isa = PBXBuildFile; fileRef = 8A36CCAA24919485008028D3 /* CustomLoginDemoTests.swift */; };
		8A36CCB624919485008028D3 /* CustomLoginDemoUITests.swift in Sources */ = {isa = PBXBuildFile; fileRef = 8A36CCB524919485008028D3 /* CustomLoginDemoUITests.swift */; };
/* End PBXBuildFile section */

/* Begin PBXContainerItemProxy section */
		8A36CCA724919485008028D3 /* PBXContainerItemProxy */ = {
			isa = PBXContainerItemProxy;
			containerPortal = 8A36CC8524919481008028D3 /* Project object */;
			proxyType = 1;
			remoteGlobalIDString = 8A36CC8C24919481008028D3;
			remoteInfo = CustomLoginDemo;
		};
		8A36CCB224919485008028D3 /* PBXContainerItemProxy */ = {
			isa = PBXContainerItemProxy;
			containerPortal = 8A36CC8524919481008028D3 /* Project object */;
			proxyType = 1;
			remoteGlobalIDString = 8A36CC8C24919481008028D3;
			remoteInfo = CustomLoginDemo;
		};
/* End PBXContainerItemProxy section */

/* Begin PBXFileReference section */
		8A36CC8D24919481008028D3 /* CustomLoginDemo.app */ = {isa = PBXFileReference; explicitFileType = wrapper.application; includeInIndex = 0; path = CustomLoginDemo.app; sourceTree = BUILT_PRODUCTS_DIR; };
		8A36CC9024919481008028D3 /* AppDelegate.swift */ = {isa = PBXFileReference; lastKnownFileType = sourcecode.swift; path = AppDelegate.swift; sourceTree = "<group>"; };
		8A36CC9224919481008028D3 /* SceneDelegate.swift */ = {isa = PBXFileReference; lastKnownFileType = sourcecode.swift; path = SceneDelegate.swift; sourceTree = "<group>"; };
		8A36CC9424919481008028D3 /* ViewController.swift */ = {isa = PBXFileReference; lastKnownFileType = sourcecode.swift; path = ViewController.swift; sourceTree = "<group>"; };
		8A36CC9724919481008028D3 /* Base */ = {isa = PBXFileReference; lastKnownFileType = file.storyboard; name = Base; path = Base.lproj/Main.storyboard; sourceTree = "<group>"; };
		8A36CC9A24919481008028D3 /* CustomLoginDemo.xcdatamodel */ = {isa = PBXFileReference; lastKnownFileType = wrapper.xcdatamodel; path = CustomLoginDemo.xcdatamodel; sourceTree = "<group>"; };
		8A36CC9C24919485008028D3 /* Assets.xcassets */ = {isa = PBXFileReference; lastKnownFileType = folder.assetcatalog; path = Assets.xcassets; sourceTree = "<group>"; };
		8A36CC9F24919485008028D3 /* Base */ = {isa = PBXFileReference; lastKnownFileType = file.storyboard; name = Base; path = Base.lproj/LaunchScreen.storyboard; sourceTree = "<group>"; };
		8A36CCA124919485008028D3 /* Info.plist */ = {isa = PBXFileReference; lastKnownFileType = text.plist.xml; path = Info.plist; sourceTree = "<group>"; };
		8A36CCA624919485008028D3 /* CustomLoginDemoTests.xctest */ = {isa = PBXFileReference; explicitFileType = wrapper.cfbundle; includeInIndex = 0; path = CustomLoginDemoTests.xctest; sourceTree = BUILT_PRODUCTS_DIR; };
		8A36CCAA24919485008028D3 /* CustomLoginDemoTests.swift */ = {isa = PBXFileReference; lastKnownFileType = sourcecode.swift; path = CustomLoginDemoTests.swift; sourceTree = "<group>"; };
		8A36CCAC24919485008028D3 /* Info.plist */ = {isa = PBXFileReference; lastKnownFileType = text.plist.xml; path = Info.plist; sourceTree = "<group>"; };
		8A36CCB124919485008028D3 /* CustomLoginDemoUITests.xctest */ = {isa = PBXFileReference; explicitFileType = wrapper.cfbundle; includeInIndex = 0; path = CustomLoginDemoUITests.xctest; sourceTree = BUILT_PRODUCTS_DIR; };
		8A36CCB524919485008028D3 /* CustomLoginDemoUITests.swift */ = {isa = PBXFileReference; lastKnownFileType = sourcecode.swift; path = CustomLoginDemoUITests.swift; sourceTree = "<group>"; };
		8A36CCB724919485008028D3 /* Info.plist */ = {isa = PBXFileReference; lastKnownFileType = text.plist.xml; path = Info.plist; sourceTree = "<group>"; };
/* End PBXFileReference section */

/* Begin PBXFrameworksBuildPhase section */
		8A36CC8A24919481008028D3 /* Frameworks */ = {
			isa = PBXFrameworksBuildPhase;
			buildActionMask = 2147483647;
			files = (
			);
			runOnlyForDeploymentPostprocessing = 0;
		};
		8A36CCA324919485008028D3 /* Frameworks */ = {
			isa = PBXFrameworksBuildPhase;
			buildActionMask = 2147483647;
			files = (
			);
			runOnlyForDeploymentPostprocessing = 0;
		};
		8A36CCAE24919485008028D3 /* Frameworks */ = {
			isa = PBXFrameworksBuildPhase;
			buildActionMask = 2147483647;
			files = (
			);
			runOnlyForDeploymentPostprocessing = 0;
		};
/* End PBXFrameworksBuildPhase section */

/* Begin PBXGroup section */
		8A36CC8424919481008028D3 = {
			isa = PBXGroup;
			children = (
				8A36CC8F24919481008028D3 /* CustomLoginDemo */,
				8A36CCA924919485008028D3 /* CustomLoginDemoTests */,
				8A36CCB424919485008028D3 /* CustomLoginDemoUITests */,
				8A36CC8E24919481008028D3 /* Products */,
			);
			sourceTree = "<group>";
		};
		8A36CC8E24919481008028D3 /* Products */ = {
			isa = PBXGroup;
			children = (
				8A36CC8D24919481008028D3 /* CustomLoginDemo.app */,
				8A36CCA624919485008028D3 /* CustomLoginDemoTests.xctest */,
				8A36CCB124919485008028D3 /* CustomLoginDemoUITests.xctest */,
			);
			name = Products;
			sourceTree = "<group>";
		};
		8A36CC8F24919481008028D3 /* CustomLoginDemo */ = {
			isa = PBXGroup;
			children = (
				8A36CC9024919481008028D3 /* AppDelegate.swift */,
				8A36CC9224919481008028D3 /* SceneDelegate.swift */,
				8A36CC9424919481008028D3 /* ViewController.swift */,
				8A36CC9624919481008028D3 /* Main.storyboard */,
				8A36CC9C24919485008028D3 /* Assets.xcassets */,
				8A36CC9E24919485008028D3 /* LaunchScreen.storyboard */,
				8A36CCA124919485008028D3 /* Info.plist */,
				8A36CC9924919481008028D3 /* CustomLoginDemo.xcdatamodeld */,
			);
			path = CustomLoginDemo;
			sourceTree = "<group>";
		};
		8A36CCA924919485008028D3 /* CustomLoginDemoTests */ = {
			isa = PBXGroup;
			children = (
				8A36CCAA24919485008028D3 /* CustomLoginDemoTests.swift */,
				8A36CCAC24919485008028D3 /* Info.plist */,
			);
			path = CustomLoginDemoTests;
			sourceTree = "<group>";
		};
		8A36CCB424919485008028D3 /* CustomLoginDemoUITests */ = {
			isa = PBXGroup;
			children = (
				8A36CCB524919485008028D3 /* CustomLoginDemoUITests.swift */,
				8A36CCB724919485008028D3 /* Info.plist */,
			);
			path = CustomLoginDemoUITests;
			sourceTree = "<group>";
		};
/* End PBXGroup section */

/* Begin PBXNativeTarget section */
		8A36CC8C24919481008028D3 /* CustomLoginDemo */ = {
			isa = PBXNativeTarget;
			buildConfigurationList = 8A36CCBA24919485008028D3 /* Build configuration list for PBXNativeTarget "CustomLoginDemo" */;
			buildPhases = (
				8A36CC8924919481008028D3 /* Sources */,
				8A36CC8A24919481008028D3 /* Frameworks */,
				8A36CC8B24919481008028D3 /* Resources */,
			);
			buildRules = (
			);
			dependencies = (
			);
			name = CustomLoginDemo;
			productName = CustomLoginDemo;
			productReference = 8A36CC8D24919481008028D3 /* CustomLoginDemo.app */;
			productType = "com.apple.product-type.application";
		};
		8A36CCA524919485008028D3 /* CustomLoginDemoTests */ = {
			isa = PBXNativeTarget;
			buildConfigurationList = 8A36CCBD24919485008028D3 /* Build configuration list for PBXNativeTarget "CustomLoginDemoTests" */;
			buildPhases = (
				8A36CCA224919485008028D3 /* Sources */,
				8A36CCA324919485008028D3 /* Frameworks */,
				8A36CCA424919485008028D3 /* Resources */,
			);
			buildRules = (
			);
			dependencies = (
				8A36CCA824919485008028D3 /* PBXTargetDependency */,
			);
			name = CustomLoginDemoTests;
			productName = CustomLoginDemoTests;
			productReference = 8A36CCA624919485008028D3 /* CustomLoginDemoTests.xctest */;
			productType = "com.apple.product-type.bundle.unit-test";
		};
		8A36CCB024919485008028D3 /* CustomLoginDemoUITests */ = {
			isa = PBXNativeTarget;
			buildConfigurationList = 8A36CCC024919485008028D3 /* Build configuration list for PBXNativeTarget "CustomLoginDemoUITests" */;
			buildPhases = (
				8A36CCAD24919485008028D3 /* Sources */,
				8A36CCAE24919485008028D3 /* Frameworks */,
				8A36CCAF24919485008028D3 /* Resources */,
			);
			buildRules = (
			);
			dependencies = (
				8A36CCB324919485008028D3 /* PBXTargetDependency */,
			);
			name = CustomLoginDemoUITests;
			productName = CustomLoginDemoUITests;
			productReference = 8A36CCB124919485008028D3 /* CustomLoginDemoUITests.xctest */;
			productType = "com.apple.product-type.bundle.ui-testing";
		};
/* End PBXNativeTarget section */

/* Begin PBXProject section */
		8A36CC8524919481008028D3 /* Project object */ = {
			isa = PBXProject;
			attributes = {
				LastSwiftUpdateCheck = 1150;
				LastUpgradeCheck = 1150;
				ORGANIZATIONNAME = "Carter Sessions";
				TargetAttributes = {
					8A36CC8C24919481008028D3 = {
						CreatedOnToolsVersion = 11.5;
					};
					8A36CCA524919485008028D3 = {
						CreatedOnToolsVersion = 11.5;
						TestTargetID = 8A36CC8C24919481008028D3;
					};
					8A36CCB024919485008028D3 = {
						CreatedOnToolsVersion = 11.5;
						TestTargetID = 8A36CC8C24919481008028D3;
					};
				};
			};
			buildConfigurationList = 8A36CC8824919481008028D3 /* Build configuration list for PBXProject "CustomLoginDemo" */;
			compatibilityVersion = "Xcode 9.3";
			developmentRegion = en;
			hasScannedForEncodings = 0;
			knownRegions = (
				en,
				Base,
			);
			mainGroup = 8A36CC8424919481008028D3;
			productRefGroup = 8A36CC8E24919481008028D3 /* Products */;
			projectDirPath = "";
			projectRoot = "";
			targets = (
				8A36CC8C24919481008028D3 /* CustomLoginDemo */,
				8A36CCA524919485008028D3 /* CustomLoginDemoTests */,
				8A36CCB024919485008028D3 /* CustomLoginDemoUITests */,
			);
		};
/* End PBXProject section */

/* Begin PBXResourcesBuildPhase section */
		8A36CC8B24919481008028D3 /* Resources */ = {
			isa = PBXResourcesBuildPhase;
			buildActionMask = 2147483647;
			files = (
				8A36CCA024919485008028D3 /* LaunchScreen.storyboard in Resources */,
				8A36CC9D24919485008028D3 /* Assets.xcassets in Resources */,
				8A36CC9824919481008028D3 /* Main.storyboard in Resources */,
			);
			runOnlyForDeploymentPostprocessing = 0;
		};
		8A36CCA424919485008028D3 /* Resources */ = {
			isa = PBXResourcesBuildPhase;
			buildActionMask = 2147483647;
			files = (
			);
			runOnlyForDeploymentPostprocessing = 0;
		};
		8A36CCAF24919485008028D3 /* Resources */ = {
			isa = PBXResourcesBuildPhase;
			buildActionMask = 2147483647;
			files = (
			);
			runOnlyForDeploymentPostprocessing = 0;
		};
/* End PBXResourcesBuildPhase section */

/* Begin PBXSourcesBuildPhase section */
		8A36CC8924919481008028D3 /* Sources */ = {
			isa = PBXSourcesBuildPhase;
			buildActionMask = 2147483647;
			files = (
				8A36CC9524919481008028D3 /* ViewController.swift in Sources */,
				8A36CC9B24919481008028D3 /* CustomLoginDemo.xcdatamodeld in Sources */,
				8A36CC9124919481008028D3 /* AppDelegate.swift in Sources */,
				8A36CC9324919481008028D3 /* SceneDelegate.swift in Sources */,
			);
			runOnlyForDeploymentPostprocessing = 0;
		};
		8A36CCA224919485008028D3 /* Sources */ = {
			isa = PBXSourcesBuildPhase;
			buildActionMask = 2147483647;
			files = (
				8A36CCAB24919485008028D3 /* CustomLoginDemoTests.swift in Sources */,
			);
			runOnlyForDeploymentPostprocessing = 0;
		};
		8A36CCAD24919485008028D3 /* Sources */ = {
			isa = PBXSourcesBuildPhase;
			buildActionMask = 2147483647;
			files = (
				8A36CCB624919485008028D3 /* CustomLoginDemoUITests.swift in Sources */,
			);
			runOnlyForDeploymentPostprocessing = 0;
		};
/* End PBXSourcesBuildPhase section */

/* Begin PBXTargetDependency section */
		8A36CCA824919485008028D3 /* PBXTargetDependency */ = {
			isa = PBXTargetDependency;
			target = 8A36CC8C24919481008028D3 /* CustomLoginDemo */;
			targetProxy = 8A36CCA724919485008028D3 /* PBXContainerItemProxy */;
		};
		8A36CCB324919485008028D3 /* PBXTargetDependency */ = {
			isa = PBXTargetDependency;
			target = 8A36CC8C24919481008028D3 /* CustomLoginDemo */;
			targetProxy = 8A36CCB224919485008028D3 /* PBXContainerItemProxy */;
		};
/* End PBXTargetDependency section */

/* Begin PBXVariantGroup section */
		8A36CC9624919481008028D3 /* Main.storyboard */ = {
			isa = PBXVariantGroup;
			children = (
				8A36CC9724919481008028D3 /* Base */,
			);
			name = Main.storyboard;
			sourceTree = "<group>";
		};
		8A36CC9E24919485008028D3 /* LaunchScreen.storyboard */ = {
			isa = PBXVariantGroup;
			children = (
				8A36CC9F24919485008028D3 /* Base */,
			);
			name = LaunchScreen.storyboard;
			sourceTree = "<group>";
		};
/* End PBXVariantGroup section */

/* Begin XCBuildConfiguration section */
		8A36CCB824919485008028D3 /* Debug */ = {
			isa = XCBuildConfiguration;
			buildSettings = {
				ALWAYS_SEARCH_USER_PATHS = NO;
				CLANG_ANALYZER_NONNULL = YES;
				CLANG_ANALYZER_NUMBER_OBJECT_CONVERSION = YES_AGGRESSIVE;
				CLANG_CXX_LANGUAGE_STANDARD = "gnu++14";
				CLANG_CXX_LIBRARY = "libc++";
				CLANG_ENABLE_MODULES = YES;
				CLANG_ENABLE_OBJC_ARC = YES;
				CLANG_ENABLE_OBJC_WEAK = YES;
				CLANG_WARN_BLOCK_CAPTURE_AUTORELEASING = YES;
				CLANG_WARN_BOOL_CONVERSION = YES;
				CLANG_WARN_COMMA = YES;
				CLANG_WARN_CONSTANT_CONVERSION = YES;
				CLANG_WARN_DEPRECATED_OBJC_IMPLEMENTATIONS = YES;
				CLANG_WARN_DIRECT_OBJC_ISA_USAGE = YES_ERROR;
				CLANG_WARN_DOCUMENTATION_COMMENTS = YES;
				CLANG_WARN_EMPTY_BODY = YES;
				CLANG_WARN_ENUM_CONVERSION = YES;
				CLANG_WARN_INFINITE_RECURSION = YES;
				CLANG_WARN_INT_CONVERSION = YES;
				CLANG_WARN_NON_LITERAL_NULL_CONVERSION = YES;
				CLANG_WARN_OBJC_IMPLICIT_RETAIN_SELF = YES;
				CLANG_WARN_OBJC_LITERAL_CONVERSION = YES;
				CLANG_WARN_OBJC_ROOT_CLASS = YES_ERROR;
				CLANG_WARN_RANGE_LOOP_ANALYSIS = YES;
				CLANG_WARN_STRICT_PROTOTYPES = YES;
				CLANG_WARN_SUSPICIOUS_MOVE = YES;
				CLANG_WARN_UNGUARDED_AVAILABILITY = YES_AGGRESSIVE;
				CLANG_WARN_UNREACHABLE_CODE = YES;
				CLANG_WARN__DUPLICATE_METHOD_MATCH = YES;
				COPY_PHASE_STRIP = NO;
				DEBUG_INFORMATION_FORMAT = dwarf;
				ENABLE_STRICT_OBJC_MSGSEND = YES;
				ENABLE_TESTABILITY = YES;
				GCC_C_LANGUAGE_STANDARD = gnu11;
				GCC_DYNAMIC_NO_PIC = NO;
				GCC_NO_COMMON_BLOCKS = YES;
				GCC_OPTIMIZATION_LEVEL = 0;
				GCC_PREPROCESSOR_DEFINITIONS = (
					"DEBUG=1",
					"$(inherited)",
				);
				GCC_WARN_64_TO_32_BIT_CONVERSION = YES;
				GCC_WARN_ABOUT_RETURN_TYPE = YES_ERROR;
				GCC_WARN_UNDECLARED_SELECTOR = YES;
				GCC_WARN_UNINITIALIZED_AUTOS = YES_AGGRESSIVE;
				GCC_WARN_UNUSED_FUNCTION = YES;
				GCC_WARN_UNUSED_VARIABLE = YES;
				IPHONEOS_DEPLOYMENT_TARGET = 13.5;
				MTL_ENABLE_DEBUG_INFO = INCLUDE_SOURCE;
				MTL_FAST_MATH = YES;
				ONLY_ACTIVE_ARCH = YES;
				SDKROOT = iphoneos;
				SWIFT_ACTIVE_COMPILATION_CONDITIONS = DEBUG;
				SWIFT_OPTIMIZATION_LEVEL = "-Onone";
			};
			name = Debug;
		};
		8A36CCB924919485008028D3 /* Release */ = {
			isa = XCBuildConfiguration;
			buildSettings = {
				ALWAYS_SEARCH_USER_PATHS = NO;
				CLANG_ANALYZER_NONNULL = YES;
				CLANG_ANALYZER_NUMBER_OBJECT_CONVERSION = YES_AGGRESSIVE;
				CLANG_CXX_LANGUAGE_STANDARD = "gnu++14";
				CLANG_CXX_LIBRARY = "libc++";
				CLANG_ENABLE_MODULES = YES;
				CLANG_ENABLE_OBJC_ARC = YES;
				CLANG_ENABLE_OBJC_WEAK = YES;
				CLANG_WARN_BLOCK_CAPTURE_AUTORELEASING = YES;
				CLANG_WARN_BOOL_CONVERSION = YES;
				CLANG_WARN_COMMA = YES;
				CLANG_WARN_CONSTANT_CONVERSION = YES;
				CLANG_WARN_DEPRECATED_OBJC_IMPLEMENTATIONS = YES;
				CLANG_WARN_DIRECT_OBJC_ISA_USAGE = YES_ERROR;
				CLANG_WARN_DOCUMENTATION_COMMENTS = YES;
				CLANG_WARN_EMPTY_BODY = YES;
				CLANG_WARN_ENUM_CONVERSION = YES;
				CLANG_WARN_INFINITE_RECURSION = YES;
				CLANG_WARN_INT_CONVERSION = YES;
				CLANG_WARN_NON_LITERAL_NULL_CONVERSION = YES;
				CLANG_WARN_OBJC_IMPLICIT_RETAIN_SELF = YES;
				CLANG_WARN_OBJC_LITERAL_CONVERSION = YES;
				CLANG_WARN_OBJC_ROOT_CLASS = YES_ERROR;
				CLANG_WARN_RANGE_LOOP_ANALYSIS = YES;
				CLANG_WARN_STRICT_PROTOTYPES = YES;
				CLANG_WARN_SUSPICIOUS_MOVE = YES;
				CLANG_WARN_UNGUARDED_AVAILABILITY = YES_AGGRESSIVE;
				CLANG_WARN_UNREACHABLE_CODE = YES;
				CLANG_WARN__DUPLICATE_METHOD_MATCH = YES;
				COPY_PHASE_STRIP = NO;
				DEBUG_INFORMATION_FORMAT = "dwarf-with-dsym";
				ENABLE_NS_ASSERTIONS = NO;
				ENABLE_STRICT_OBJC_MSGSEND = YES;
				GCC_C_LANGUAGE_STANDARD = gnu11;
				GCC_NO_COMMON_BLOCKS = YES;
				GCC_WARN_64_TO_32_BIT_CONVERSION = YES;
				GCC_WARN_ABOUT_RETURN_TYPE = YES_ERROR;
				GCC_WARN_UNDECLARED_SELECTOR = YES;
				GCC_WARN_UNINITIALIZED_AUTOS = YES_AGGRESSIVE;
				GCC_WARN_UNUSED_FUNCTION = YES;
				GCC_WARN_UNUSED_VARIABLE = YES;
				IPHONEOS_DEPLOYMENT_TARGET = 13.5;
				MTL_ENABLE_DEBUG_INFO = NO;
				MTL_FAST_MATH = YES;
				SDKROOT = iphoneos;
				SWIFT_COMPILATION_MODE = wholemodule;
				SWIFT_OPTIMIZATION_LEVEL = "-O";
				VALIDATE_PRODUCT = YES;
			};
			name = Release;
		};
		8A36CCBB24919485008028D3 /* Debug */ = {
			isa = XCBuildConfiguration;
			buildSettings = {
				ASSETCATALOG_COMPILER_APPICON_NAME = AppIcon;
				CODE_SIGN_STYLE = Automatic;
				INFOPLIST_FILE = CustomLoginDemo/Info.plist;
				LD_RUNPATH_SEARCH_PATHS = (
					"$(inherited)",
					"@executable_path/Frameworks",
				);
				PRODUCT_BUNDLE_IDENTIFIER = Kwk.CustomLoginDemo;
				PRODUCT_NAME = "$(TARGET_NAME)";
				SWIFT_VERSION = 5.0;
				TARGETED_DEVICE_FAMILY = "1,2";
			};
			name = Debug;
		};
		8A36CCBC24919485008028D3 /* Release */ = {
			isa = XCBuildConfiguration;
			buildSettings = {
				ASSETCATALOG_COMPILER_APPICON_NAME = AppIcon;
				CODE_SIGN_STYLE = Automatic;
				INFOPLIST_FILE = CustomLoginDemo/Info.plist;
				LD_RUNPATH_SEARCH_PATHS = (
					"$(inherited)",
					"@executable_path/Frameworks",
				);
				PRODUCT_BUNDLE_IDENTIFIER = Kwk.CustomLoginDemo;
				PRODUCT_NAME = "$(TARGET_NAME)";
				SWIFT_VERSION = 5.0;
				TARGETED_DEVICE_FAMILY = "1,2";
			};
			name = Release;
		};
		8A36CCBE24919485008028D3 /* Debug */ = {
			isa = XCBuildConfiguration;
			buildSettings = {
				ALWAYS_EMBED_SWIFT_STANDARD_LIBRARIES = YES;
				BUNDLE_LOADER = "$(TEST_HOST)";
				CODE_SIGN_STYLE = Automatic;
				INFOPLIST_FILE = CustomLoginDemoTests/Info.plist;
				IPHONEOS_DEPLOYMENT_TARGET = 13.5;
				LD_RUNPATH_SEARCH_PATHS = (
					"$(inherited)",
					"@executable_path/Frameworks",
					"@loader_path/Frameworks",
				);
				PRODUCT_BUNDLE_IDENTIFIER = Kwk.CustomLoginDemoTests;
				PRODUCT_NAME = "$(TARGET_NAME)";
				SWIFT_VERSION = 5.0;
				TARGETED_DEVICE_FAMILY = "1,2";
				TEST_HOST = "$(BUILT_PRODUCTS_DIR)/CustomLoginDemo.app/CustomLoginDemo";
			};
			name = Debug;
		};
		8A36CCBF24919485008028D3 /* Release */ = {
			isa = XCBuildConfiguration;
			buildSettings = {
				ALWAYS_EMBED_SWIFT_STANDARD_LIBRARIES = YES;
				BUNDLE_LOADER = "$(TEST_HOST)";
				CODE_SIGN_STYLE = Automatic;
				INFOPLIST_FILE = CustomLoginDemoTests/Info.plist;
				IPHONEOS_DEPLOYMENT_TARGET = 13.5;
				LD_RUNPATH_SEARCH_PATHS = (
					"$(inherited)",
					"@executable_path/Frameworks",
					"@loader_path/Frameworks",
				);
				PRODUCT_BUNDLE_IDENTIFIER = Kwk.CustomLoginDemoTests;
				PRODUCT_NAME = "$(TARGET_NAME)";
				SWIFT_VERSION = 5.0;
				TARGETED_DEVICE_FAMILY = "1,2";
				TEST_HOST = "$(BUILT_PRODUCTS_DIR)/CustomLoginDemo.app/CustomLoginDemo";
			};
			name = Release;
		};
		8A36CCC124919485008028D3 /* Debug */ = {
			isa = XCBuildConfiguration;
			buildSettings = {
				ALWAYS_EMBED_SWIFT_STANDARD_LIBRARIES = YES;
				CODE_SIGN_STYLE = Automatic;
				INFOPLIST_FILE = CustomLoginDemoUITests/Info.plist;
				LD_RUNPATH_SEARCH_PATHS = (
					"$(inherited)",
					"@executable_path/Frameworks",
					"@loader_path/Frameworks",
				);
				PRODUCT_BUNDLE_IDENTIFIER = Kwk.CustomLoginDemoUITests;
				PRODUCT_NAME = "$(TARGET_NAME)";
				SWIFT_VERSION = 5.0;
				TARGETED_DEVICE_FAMILY = "1,2";
				TEST_TARGET_NAME = CustomLoginDemo;
			};
			name = Debug;
		};
		8A36CCC224919485008028D3 /* Release */ = {
			isa = XCBuildConfiguration;
			buildSettings = {
				ALWAYS_EMBED_SWIFT_STANDARD_LIBRARIES = YES;
				CODE_SIGN_STYLE = Automatic;
				INFOPLIST_FILE = CustomLoginDemoUITests/Info.plist;
				LD_RUNPATH_SEARCH_PATHS = (
					"$(inherited)",
					"@executable_path/Frameworks",
					"@loader_path/Frameworks",
				);
				PRODUCT_BUNDLE_IDENTIFIER = Kwk.CustomLoginDemoUITests;
				PRODUCT_NAME = "$(TARGET_NAME)";
				SWIFT_VERSION = 5.0;
				TARGETED_DEVICE_FAMILY = "1,2";
				TEST_TARGET_NAME = CustomLoginDemo;
			};
			name = Release;
		};
/* End XCBuildConfiguration section */

/* Begin XCConfigurationList section */
		8A36CC8824919481008028D3 /* Build configuration list for PBXProject "CustomLoginDemo" */ = {
			isa = XCConfigurationList;
			buildConfigurations = (
				8A36CCB824919485008028D3 /* Debug */,
				8A36CCB924919485008028D3 /* Release */,
			);
			defaultConfigurationIsVisible = 0;
			defaultConfigurationName = Release;
		};
		8A36CCBA24919485008028D3 /* Build configuration list for PBXNativeTarget "CustomLoginDemo" */ = {
			isa = XCConfigurationList;
			buildConfigurations = (
				8A36CCBB24919485008028D3 /* Debug */,
				8A36CCBC24919485008028D3 /* Release */,
			);
			defaultConfigurationIsVisible = 0;
			defaultConfigurationName = Release;
		};
		8A36CCBD24919485008028D3 /* Build configuration list for PBXNativeTarget "CustomLoginDemoTests" */ = {
			isa = XCConfigurationList;
			buildConfigurations = (
				8A36CCBE24919485008028D3 /* Debug */,
				8A36CCBF24919485008028D3 /* Release */,
			);
			defaultConfigurationIsVisible = 0;
			defaultConfigurationName = Release;
		};
		8A36CCC024919485008028D3 /* Build configuration list for PBXNativeTarget "CustomLoginDemoUITests" */ = {
			isa = XCConfigurationList;
			buildConfigurations = (
				8A36CCC124919485008028D3 /* Debug */,
				8A36CCC224919485008028D3 /* Release */,
			);
			defaultConfigurationIsVisible = 0;
			defaultConfigurationName = Release;
		};
/* End XCConfigurationList section */

/* Begin XCVersionGroup section */
		8A36CC9924919481008028D3 /* CustomLoginDemo.xcdatamodeld */ = {
			isa = XCVersionGroup;
			children = (
				8A36CC9A24919481008028D3 /* CustomLoginDemo.xcdatamodel */,
			);
			currentVersion = 8A36CC9A24919481008028D3 /* CustomLoginDemo.xcdatamodel */;
			path = CustomLoginDemo.xcdatamodeld;
			sourceTree = "<group>";
			versionGroupType = wrapper.xcdatamodel;
		};
/* End XCVersionGroup section */
	};
	rootObject = 8A36CC8524919481008028D3 /* Project object */;
}
